
Microsoft Visual Studio Solution File, Format Version 12.00
# Visual Studio 15
Project("{FAE04EC0-301F-11D3-BF4B-00C04F79EFBC}") = "Assembly-CSharp", "Assembly-CSharp.csproj", "{AAF50235-5624-5056-9931-774F1F88A4FE}"
EndProject
Project("{FAE04EC0-301F-11D3-BF4B-00C04F79EFBC}") = "Assembly-CSharp-Editor", "Assembly-CSharp-Editor.csproj", "{3163488E-59B8-719B-D22B-0256002C6A6C}"
EndProject
Global
	GlobalSection(SolutionConfigurationPlatforms) = preSolution
		Debug|Any CPU = Debug|Any CPU
		Release|Any CPU = Release|Any CPU
	EndGlobalSection
	GlobalSection(ProjectConfigurationPlatforms) = postSolution
		{AAF50235-5624-5056-9931-774F1F88A4FE}.Debug|Any CPU.ActiveCfg = Debug|Any CPU
		{AAF50235-5624-5056-9931-774F1F88A4FE}.Debug|Any CPU.Build.0 = Debug|Any CPU
		{AAF50235-5624-5056-9931-774F1F88A4FE}.Release|Any CPU.ActiveCfg = Release|Any CPU
		{AAF50235-5624-5056-9931-774F1F88A4FE}.Release|Any CPU.Build.0 = Release|Any CPU
		{3163488E-59B8-719B-D22B-0256002C6A6C}.Debug|Any CPU.ActiveCfg = Debug|Any CPU
		{3163488E-59B8-719B-D22B-0256002C6A6C}.Debug|Any CPU.Build.0 = Debug|Any CPU
		{3163488E-59B8-719B-D22B-0256002C6A6C}.Release|Any CPU.ActiveCfg = Release|Any CPU
		{3163488E-59B8-719B-D22B-0256002C6A6C}.Release|Any CPU.Build.0 = Release|Any CPU
	EndGlobalSection
	GlobalSection(SolutionProperties) = preSolution
		HideSolutionNode = FALSE
	EndGlobalSection
EndGlobal
